github.com/antlr/antlr4/runtime/Go/antlr v0.0.0-20220209173558-ad29539cd2e9 h1:zvkJv+9Pxm1nnEMcKnShREt4qtduHKz4iw4AB4ul0Ao=
github.com/antlr/antlr4/runtime/Go/antlr v0.0.0-20220209173558-ad29539cd2e9/go.mod h1:F7bn7fEU90QkQ3tnmaTx3LTKLEDqnwWODIYppRQ5hnY=
github.com/colegno/arrayList v0.0.0-20200110210207-103bc071a88a h1:zJtVKJqyEx7wEUBXAkNdaFq/AMUbgCzzKy8wjU9i3gM=
github.com/colegno/arrayList v0.0.0-20200110210207-103bc071a88a/go.mod h1:aYWAWRB92O4E3hZr6V7EgVPvg6xBBCzRqdbgNTkYyJE=
github.com/gorilla/mux v1.8.0 h1:i40aqfkR1h2SlN9hojwV5ZA91wcXFOvkdNIeFDP5koI=
github.com/gorilla/mux v1.8.0/go.mod h1:DVbg23sWSpFRCP0SfiEN6jmj59UnW/n46BH5rLB71So=
